
Microsoft Visual Studio Solution File, Format Version 12.00
# Visual Studio Version 17
VisualStudioVersion = 17.14.36212.18
MinimumVisualStudioVersion = 10.0.40219.1
Project("{FAE04EC0-301F-11D3-BF4B-00C04F79EFBC}") = "FinalVarlikCf", "FinalVarlikCf\FinalVarlikCf.csproj", "{D03115E3-80BD-474D-9E55-F8A2193D4C20}"
EndProject
Project("{FAE04EC0-301F-11D3-BF4B-00C04F79EFBC}") = "FinalVarlikCf.Entity", "FinalVarlikCf.Entity\FinalVarlikCf.Entity.csproj", "{70118A05-5A33-437C-B622-803F6F842ABD}"
EndProject
Project("{FAE04EC0-301F-11D3-BF4B-00C04F79EFBC}") = "FinalVarlikCf.DataAccess", "FinalVarlikCf.DataAccess\FinalVarlikCf.DataAccess.csproj", "{E2A96754-73B4-4990-8C12-ED11D965432D}"
EndProject
Project("{2150E333-8FDC-42A3-9474-1A3956D46DE8}") = "Solution Items", "Solution Items", "{02EA681E-C7D8-13C7-8484-4AC65E1B71E8}"
	ProjectSection(SolutionItems) = preProject
		.editorconfig = .editorconfig
	EndProjectSection
EndProject
Global
	GlobalSection(SolutionConfigurationPlatforms) = preSolution
		Debug|Any CPU = Debug|Any CPU
		Release|Any CPU = Release|Any CPU
	EndGlobalSection
	GlobalSection(ProjectConfigurationPlatforms) = postSolution
		{D03115E3-80BD-474D-9E55-F8A2193D4C20}.Debug|Any CPU.ActiveCfg = Debug|Any CPU
		{D03115E3-80BD-474D-9E55-F8A2193D4C20}.Debug|Any CPU.Build.0 = Debug|Any CPU
		{D03115E3-80BD-474D-9E55-F8A2193D4C20}.Release|Any CPU.ActiveCfg = Release|Any CPU
		{D03115E3-80BD-474D-9E55-F8A2193D4C20}.Release|Any CPU.Build.0 = Release|Any CPU
		{70118A05-5A33-437C-B622-803F6F842ABD}.Debug|Any CPU.ActiveCfg = Debug|Any CPU
		{70118A05-5A33-437C-B622-803F6F842ABD}.Debug|Any CPU.Build.0 = Debug|Any CPU
		{70118A05-5A33-437C-B622-803F6F842ABD}.Release|Any CPU.ActiveCfg = Release|Any CPU
		{70118A05-5A33-437C-B622-803F6F842ABD}.Release|Any CPU.Build.0 = Release|Any CPU
		{E2A96754-73B4-4990-8C12-ED11D965432D}.Debug|Any CPU.ActiveCfg = Debug|Any CPU
		{E2A96754-73B4-4990-8C12-ED11D965432D}.Debug|Any CPU.Build.0 = Debug|Any CPU
		{E2A96754-73B4-4990-8C12-ED11D965432D}.Release|Any CPU.ActiveCfg = Release|Any CPU
		{E2A96754-73B4-4990-8C12-ED11D965432D}.Release|Any CPU.Build.0 = Release|Any CPU
	EndGlobalSection
	GlobalSection(SolutionProperties) = preSolution
		HideSolutionNode = FALSE
	EndGlobalSection
	GlobalSection(ExtensibilityGlobals) = postSolution
		SolutionGuid = {0C3060ED-2A18-4FE4-9767-50DB74E6C92F}
	EndGlobalSection
EndGlobal
